
Microsoft Visual Studio Solution File, Format Version 12.00
# Visual Studio Version 16
VisualStudioVersion = 16.0.31702.278
MinimumVisualStudioVersion = 10.0.40219.1
Project("{FAE04EC0-301F-11D3-BF4B-00C04F79EFBC}") = "Basic-Calculator", "Basic-Calculator.csproj", "{D894E568-0E4F-4571-A49C-FC0F048A63FC}"
EndProject
Global
	GlobalSection(SolutionConfigurationPlatforms) = preSolution
		Debug|Any CPU = Debug|Any CPU
		Release|Any CPU = Release|Any CPU
	EndGlobalSection
	GlobalSection(ProjectConfigurationPlatforms) = postSolution
		{D894E568-0E4F-4571-A49C-FC0F048A63FC}.Debug|Any CPU.ActiveCfg = Debug|Any CPU
		{D894E568-0E4F-4571-A49C-FC0F048A63FC}.Debug|Any CPU.Build.0 = Debug|Any CPU
		{D894E568-0E4F-4571-A49C-FC0F048A63FC}.Release|Any CPU.ActiveCfg = Release|Any CPU
		{D894E568-0E4F-4571-A49C-FC0F048A63FC}.Release|Any CPU.Build.0 = Release|Any CPU
	EndGlobalSection
	GlobalSection(SolutionProperties) = preSolution
		HideSolutionNode = FALSE
	EndGlobalSection
	GlobalSection(ExtensibilityGlobals) = postSolution
		SolutionGuid = {77BA26A0-F9F0-4CF8-87EC-334B8F8C5995}
	EndGlobalSection
EndGlobal
